{
  "name": "build-tools",
  "lockfileVersion": 3,
  "requires": true,
  "packages": {
    "": {
      "name": "build-tools",
      "devDependencies": {
        "@redocly/cli": "2.36.0",
        "@sourcemeta/jsonschema": "10.0.0"
      }
    },
    "node_modules/@redocly/cli": {
      "version": "2.36.0",
      "resolved": "https://registry.npmjs.org/@redocly/cli/-/cli-2.36.0.tgz",
      "integrity": "sha512-0ky8u/Zzx4zT35rJZY27KOuzXMI29JLt5FMbfzFV7AtVlK3DLjDmJjqprnhqUMJlt04R+FKSXahBZo1dUF6R5A==",
      "dev": true,
      "license": "MIT",
      "bin": {
        "openapi": "bin/cli.js",
        "redocly": "bin/cli.js"
      },
      "engines": {
        "node": ">=22.12.0 || >=20.19.0 <21.0.0",
        "npm": ">=10"
      }
    },
    "node_modules/@sourcemeta/jsonschema": {
      "version": "10.0.0",
      "resolved": "https://registry.npmjs.org/@sourcemeta/jsonschema/-/jsonschema-10.0.0.tgz",
      "integrity": "sha512-NyRjy3JxFrcDU9zci4fTe4dhoUZu61UNONgxJ13hmhaUAYF51gYvVEoWpDtl1ckikdboMuAm/QVeelh/+B8hGQ==",
      "cpu": [
        "x64",
        "arm64"
      ],
      "dev": true,
      "license": "AGPL-3.0",
      "os": [
        "darwin",
        "linux",
        "win32"
      ],
      "bin": {
        "jsonschema": "cli.js"
      },
      "engines": {
        "node": ">=16"
      },
      "funding": {
        "url": "https://github.com/sponsors/sourcemeta"
      }
    }
  }
}
